
Microsoft Visual Studio Solution File, Format Version 12.00
# Visual Studio Version 16
VisualStudioVersion = 16.0.29709.97
MinimumVisualStudioVersion = 10.0.40219.1
Project("{FAE04EC0-301F-11D3-BF4B-00C04F79EFBC}") = "game_of_life_yousuf", "game_of_life_yousuf.csproj", "{BCDA073A-6F0B-4580-9669-2864162EDC19}"
EndProject
Project("{2150E333-8FDC-42A3-9474-1A3956D46DE8}") = "Solution Items", "Solution Items", "{1371AC49-3C89-478D-8626-D0A766BD6AA1}"
	ProjectSection(SolutionItems) = preProject
		.editorconfig = .editorconfig
		README.md = README.md
	EndProjectSection
EndProject
Global
	GlobalSection(SolutionConfigurationPlatforms) = preSolution
		Debug|Any CPU = Debug|Any CPU
		Release|Any CPU = Release|Any CPU
	EndGlobalSection
	GlobalSection(ProjectConfigurationPlatforms) = postSolution
		{BCDA073A-6F0B-4580-9669-2864162EDC19}.Debug|Any CPU.ActiveCfg = Debug|Any CPU
		{BCDA073A-6F0B-4580-9669-2864162EDC19}.Debug|Any CPU.Build.0 = Debug|Any CPU
		{BCDA073A-6F0B-4580-9669-2864162EDC19}.Release|Any CPU.ActiveCfg = Release|Any CPU
		{BCDA073A-6F0B-4580-9669-2864162EDC19}.Release|Any CPU.Build.0 = Release|Any CPU
	EndGlobalSection
	GlobalSection(SolutionProperties) = preSolution
		HideSolutionNode = FALSE
	EndGlobalSection
	GlobalSection(ExtensibilityGlobals) = postSolution
		SolutionGuid = {CFF752E2-B94B-48FB-9B15-B530EF595539}
	EndGlobalSection
EndGlobal
